version: 1
checksums:
  c5653612f9baf93a8535169b0754ac46:
    menus/home: 104a3db3b671c04e167eafbe21e57881
    title/fxEngine: b0c7cd49bcb47bf975b9b1c9a4ce1a3d
    instructions/close: 2c2e22f8424a1031de89063bd0022e16
    instructions/logout: 07948fdf20705e04a7bf68ab197512bf
    instructions/login: 0029e5a35676c0051e761fcd046ef9ee
    instructions/cancel: 2e2a849c2223911717de8caa2c71bade
    instructions/save: f7a2929f33bc420195e59ac5a8bcd454
    instructions/next: 89ddbcf710eba274963494f312bdc8a9
    instructions/back: f541015a827e37cb3b1234e56bc2aa3c
    extras/at: 282cf74a2c63ff46388104f9853bfaf8
    extras/readOnly: 9109fd6e72125af271d41181f1f35dd2
    extras/footer: 3eef41f8bdfb064af2e42a2629fd565b
    extras/language: f0106a9b4354555a31e54c05c9b1e1f6
    fxEngine/spotD2: 018d2bebb495bc1c75e87c5e762c4333
    fxEngine/lastUpdate: db380bea0e283fdb679e4ad69e9624a5
    fxEngine/WDOJ24: 16b6d78d4ded470debd8a803c9ec2417
    fxEngine/casadoUsd: 2bd6ff601bb0b5b86375cdd1aebb7fb9
    fxEngine/USDBRL: 358ee59a8c2e990d43d0b23deffb58e8
    fxEngine/ask: 24150ae04c60dcd8688d93a8a3a2d238
    fxEngine/bid: 6539997677a4ccc0b2e049757fc9413b
    fxEngine/operationalSummary: de3c4ca677b4fb44dcbadd4b7c868ce9
    fxEngine/lastSevenDays: 5a4233c91f3e828d2794c2883079c946
    fxEngine/deals: 9491cddd76f97b3c7166a5f2e8c90223
    fxEngine/dealDestination: 6220f8a5d471744067669ad56fa6e0f8
    fxEngine/spreads/title: b5a05321871f9bba75aa67e46964d0e1
    fxEngine/spreads/categories/title: fd4e44f3b1b2bba9ca45f3aef963d042
    fxEngine/spreads/categories/foreignTrade: b67f2d3e8fc8991c4c8501519016836e
    fxEngine/spreads/categories/foreignCapital: 9d8af701dd0e6c91984ac76af77c1138
    fxEngine/spreads/categories/capitalGains: 21cd2b00856da66493c66087a0ee2775
    fxEngine/spreads/categories/insurance: 36b9209bf911222a8684781125a50c45
    fxEngine/spreads/categories/micellaneousServices: 64ecda46c89cfd63bff34b079b0ac099
    fxEngine/spreads/categories/transport: 799ac66ed57504097666332f065f8beb
    fxEngine/spreads/notional: a20a5990f402e5208491effbf90ef177
    fxEngine/spreads/status/title: 4e1fcce15854d824919b4a582c697c90
    fxEngine/spreads/status/active: 3e1ec025c4a50830bbb9ad57a176630a
    fxEngine/spreads/status/skip: b7f28dfa2f58b80b149bb82b392d0291
    fxEngine/spreads/category: 1b0340cd175aa5a2be745a0d54908466
    fxEngine/spreads/valueBps: b29015b0e0b8fb40adcd1698c1cef594
    fxEngine/spreads/lastUpdate: 25c7121e9b5d99e12ca82f2ae4a47424
    fxEngine/spreads/edit/title: eee7f39ff90b18852afc1671f21fbaa9
    fxEngine/spreads/edit/spread: bba9c936f66106c428ae44d09959782a
    fxEngine/spreads/edit/status: 4e1fcce15854d824919b4a582c697c90
    fxEngine/spreads/edit/active: 3e1ec025c4a50830bbb9ad57a176630a
    fxEngine/spreads/edit/notional: a20a5990f402e5208491effbf90ef177
    fxEngine/spreads/edit/updatedSucces: 710a60276a78a8da2573744689903c8a
    toolbar/title: bf6765fafba3f5e25acd99bdbcb52586
    toolbar/mesaCambio: 6331b8403ac1d2f79910d1ebab997f27
    toolbar/timeZone: 5ec69835daf948c8e1612062dbb2db96
    toolbar/errorMessage: 75e0ce0e036f9e0b4009d24a832ef965
    requestHelp/requestHelp: dd0caaddc6c07a720393bc4729fc6f37
    requestHelp/greeting: c56608f9ef49b4c6979c706123d6747d
    requestHelp/instruction: 108059b3f19a1df1329717ad647b9b63
    requestHelp/sendEmail/title: b6cd2b428fc9208eac503b4bcc764c5d
    requestHelp/sendEmail/btnText: 11d380c15cdc68f42d4afa70360b4e10
    requestHelp/helpTicket/title: 8f7ad0f3f46c4bbf51c740e8e7c8f720
    requestHelp/helpTicket/description: b3cce1be38a491231506369f94230dc7
    requestHelp/helpTicket/btnText: af336b2e839f54107a176a598de1f8cd
    requestHelp/liveChat/title: 4bc82a4bd3f4626c5d7ff2f9e95f7fcd
    requestHelp/liveChat/btnText: 8faf988d83a1fa28dfc7755c609133a9
    landing/title: bf6765fafba3f5e25acd99bdbcb52586
    landing/description/descriptionOne: fb85a37bfc675e1085f6f3e2de20c531
    landing/description/descriptionTwo: 4bc489e72f8ffdea21f99e208ee45cac
    landing/pricerConsole/title: 2f5d4663e85616a3a8953c49aa5c53d3
    landing/pricerConsole/descriptionOne: 77149cf56dc01ee54f0e654033d4eb76
    landing/pricerConsole/descriptionTwo: e3abab350e3b3dd95b36750e69ede1ce
    landing/pricerConsole/descriptionThree: 865efd79dd2207e8e3be4f78840762fd
    landing/deliverQuotes/title: 5f273f21ccd8cccec8c576b37a7eaaa4
    landing/deliverQuotes/descriptionOne: 6b2841fadfcf76a20e642448f0dc234c
    landing/deliverQuotes/descriptionTwo: 1a8acc31c2ba0fe2e326b33ad106b8d6
    landing/deliverQuotes/descriptionThree: b65f18441ea2ab5d10b76814d15870d6
    landing/deliverQuotes/descriptionFour: feeafd5f368c4b49b6eebb9a3d4e6a08
    landing/streamlineOperations/title: 25ae74f228516ef32f169bce26255f69
    landing/streamlineOperations/descriptionOne: 99e318776bdb9847c960f5e642a8a422
    landing/streamlineOperations/descriptionTwo: cde6c126b9cdce45d19da5f69d598e41
    landing/streamlineOperations/descriptionThree: e479dfa14b82f0d0ddad71142fd60e87
    landing/streamlineOperations/descriptionFour: 9597574ee64a97302de2ea2c756e1286
    login/title: f4f219abeb5a465ecb1c7efaf50246de
    login/description/descriptionOne: fbce2b804e4412462bd1d8448f51ee81
    login/description/descriptionTwo: 5f3e7181357a5ce0d3e6989c6e2262ac
    login/description/descriptionThree: 569fd35cb49dba8321470b2d5d4ada47
    login/corporateEmail: f6577872224be1443a33f71ab63d8044
    login/password: 223a61cf906ab9c40d22612c588dff48
    login/invalidCredentials: ef59e22f601172de8c18f4db417cacc0
    notFound/title: a935f360fcc2526d140501e951b688d6
    notFound/descriptionOne: 9619dd3e0ea4a64a8fffd5f91213d2e9
    notFound/descriptionTwo: ec8a58dde04e34b6486ecfb5c32563f4
    notFound/descriptionThree: 8c6495394abf36a32877834a0ca88288
    notFound/apologies: 0ace98beae0aa243018963f17e8dde0e
